# This file is automatically @generated by Cargo.
# It is not intended for manual editing.
version = 3

[[package]]
name = "beef"
version = "0.5.0"
source = "registry+https://github.com/rust-lang/crates.io-index"
checksum = "6736e2428df2ca2848d846c43e88745121a6654696e349ce0054a420815a7409"

[[package]]
name = "cfg-if"
version = "0.1.10"
source = "registry+https://github.com/rust-lang/crates.io-index"
checksum = "4785bdd1c96b2a846b2bd7cc02e86b6b3dbf14e7e53446c4f54c92a361040822"

[[package]]
name = "fnv"
version = "1.0.7"
source = "registry+https://github.com/rust-lang/crates.io-index"
checksum = "3f9eec918d3f24069decb9af1554cad7c880e2da24a9afd88aca000531ab82c1"

[[package]]
name = "lazy_static"
version = "1.4.0"
source = "registry+https://github.com/rust-lang/crates.io-index"
checksum = "e2abad23fbc42b3700f2f279844dc832adb2b2eb069b2df918f455c4e18cc646"

[[package]]
name = "log"
version = "0.4.11"
source = "registry+https://github.com/rust-lang/crates.io-index"
checksum = "4fabed175da42fed1fa0746b0ea71f412aa9d35e76e95e59b192c64b9dc2bf8b"
dependencies = [
 "cfg-if",
]

[[package]]
name = "logos"
version = "0.12.0"
source = "registry+https://github.com/rust-lang/crates.io-index"
checksum = "427e2abca5be13136da9afdbf874e6b34ad9001dd70f2b103b083a85daa7b345"
dependencies = [
 "logos-derive",
]

[[package]]
name = "logos-derive"
version = "0.12.0"
source = "registry+https://github.com/rust-lang/crates.io-index"
checksum = "56a7d287fd2ac3f75b11f19a1c8a874a7d55744bd91f7a1b3e7cf87d4343c36d"
dependencies = [
 "beef",
 "fnv",
 "proc-macro2",
 "quote",
 "regex-syntax",
 "syn",
 "utf8-ranges",
]

[[package]]
name = "proc-macro2"
version = "1.0.24"
source = "registry+https://github.com/rust-lang/crates.io-index"
checksum = "1e0704ee1a7e00d7bb417d0770ea303c1bccbabf0ef1667dae92b5967f5f8a71"
dependencies = [
 "unicode-xid",
]

[[package]]
name = "quote"
version = "1.0.8"
source = "registry+https://github.com/rust-lang/crates.io-index"
checksum = "991431c3519a3f36861882da93630ce66b52918dcf1b8e2fd66b397fc96f28df"
dependencies = [
 "proc-macro2",
]

[[package]]
name = "regex-syntax"
version = "0.6.21"
source = "registry+https://github.com/rust-lang/crates.io-index"
checksum = "3b181ba2dcf07aaccad5448e8ead58db5b742cf85dfe035e2227f137a539a189"

[[package]]
name = "syn"
version = "1.0.55"
source = "registry+https://github.com/rust-lang/crates.io-index"
checksum = "a571a711dddd09019ccc628e1b17fe87c59b09d513c06c026877aa708334f37a"
dependencies = [
 "proc-macro2",
 "quote",
 "unicode-xid",
]

[[package]]
name = "unicode-xid"
version = "0.2.1"
source = "registry+https://github.com/rust-lang/crates.io-index"
checksum = "f7fe0bb3479651439c9112f72b6c505038574c9fbb575ed1bf3b797fa39dd564"

[[package]]
name = "utf8-ranges"
version = "1.0.4"
source = "registry+https://github.com/rust-lang/crates.io-index"
checksum = "b4ae116fef2b7fea257ed6440d3cfcff7f190865f170cdad00bb6465bf18ecba"

[[package]]
name = "volpe"
version = "0.1.0"
dependencies = [
 "volpe-parser",
 "z3",
]

[[package]]
name = "volpe-parser"
version = "0.1.0"
dependencies = [
 "logos",
]

[[package]]
name = "z3"
version = "0.9.0"
source = "registry+https://github.com/rust-lang/crates.io-index"
checksum = "0c5bdc8c9e19d1b983c5584cd4baf6fbd71f3ca5c83283b9d46ad7780d67bd3b"
dependencies = [
 "lazy_static",
 "log",
 "z3-sys",
]

[[package]]
name = "z3-sys"
version = "0.6.3"
source = "registry+https://github.com/rust-lang/crates.io-index"
checksum = "afa18ba5fbd4933e41ffb440c3fd91f91fe9cdb7310cce3ddfb6648563811de0"
